
Microsoft Visual Studio Solution File, Format Version 12.00
# Visual Studio Version 17
VisualStudioVersion = 17.2.32630.192
MinimumVisualStudioVersion = 10.0.40219.1
Project("{9A19103F-16F7-4668-BE54-9A1E7A4F7556}") = "R5T.Z0013", "R5T.Z0013\R5T.Z0013.csproj", "{CC271CA8-42C5-429C-A7AE-B858D4286935}"
EndProject
Global
	GlobalSection(SolutionConfigurationPlatforms) = preSolution
		Debug|Any CPU = Debug|Any CPU
		Release|Any CPU = Release|Any CPU
	EndGlobalSection
	GlobalSection(ProjectConfigurationPlatforms) = postSolution
		{CC271CA8-42C5-429C-A7AE-B858D4286935}.Debug|Any CPU.ActiveCfg = Debug|Any CPU
		{CC271CA8-42C5-429C-A7AE-B858D4286935}.Debug|Any CPU.Build.0 = Debug|Any CPU
		{CC271CA8-42C5-429C-A7AE-B858D4286935}.Release|Any CPU.ActiveCfg = Release|Any CPU
		{CC271CA8-42C5-429C-A7AE-B858D4286935}.Release|Any CPU.Build.0 = Release|Any CPU
	EndGlobalSection
	GlobalSection(SolutionProperties) = preSolution
		HideSolutionNode = FALSE
	EndGlobalSection
	GlobalSection(ExtensibilityGlobals) = postSolution
		SolutionGuid = {FFA162DB-86B8-4D9F-8115-7EC086FA8211}
	EndGlobalSection
EndGlobal
